// !$*UTF8*$!
{
	archiveVersion = 1;
	classes = {
	};
	objectVersion = 56;
	objects = {

/* Begin PBXBuildFile section */
		2DD964A329E8313D0033E803 /* AppDelegate.swift in Sources */ = {isa = PBXBuildFile; fileRef = 2DD964A229E8313D0033E803 /* AppDelegate.swift */; };
		2DD964A529E8313D0033E803 /* SceneDelegate.swift in Sources */ = {isa = PBXBuildFile; fileRef = 2DD964A429E8313D0033E803 /* SceneDelegate.swift */; };
		2DD964AC29E8313E0033E803 /* Assets.xcassets in Resources */ = {isa = PBXBuildFile; fileRef = 2DD964AB29E8313E0033E803 /* Assets.xcassets */; };
		2DD964AF29E8313E0033E803 /* LaunchScreen.storyboard in Resources */ = {isa = PBXBuildFile; fileRef = 2DD964AD29E8313E0033E803 /* LaunchScreen.storyboard */; };
		2DD964BB29E835440033E803 /* TabBarController.swift in Sources */ = {isa = PBXBuildFile; fileRef = 2DD964BA29E835440033E803 /* TabBarController.swift */; };
		2DD964C229E8380D0033E803 /* PrayerTimesController.swift in Sources */ = {isa = PBXBuildFile; fileRef = 2DD964C129E8380D0033E803 /* PrayerTimesController.swift */; };
		2DD964C429E838180033E803 /* QiblaFinderController.swift in Sources */ = {isa = PBXBuildFile; fileRef = 2DD964C329E838180033E803 /* QiblaFinderController.swift */; };
		2DD964C629E838220033E803 /* SurahsDuasController.swift in Sources */ = {isa = PBXBuildFile; fileRef = 2DD964C529E838220033E803 /* SurahsDuasController.swift */; };
		2DD964C829E838310033E803 /* HadithsController.swift in Sources */ = {isa = PBXBuildFile; fileRef = 2DD964C729E838310033E803 /* HadithsController.swift */; };
		2DD964CA29E838400033E803 /* SettingsController.swift in Sources */ = {isa = PBXBuildFile; fileRef = 2DD964C929E838400033E803 /* SettingsController.swift */; };
		2DD964D429E83DBA0033E803 /* UIFont+.swift in Sources */ = {isa = PBXBuildFile; fileRef = 2DD964D329E83DBA0033E803 /* UIFont+.swift */; };
		2DD964F529E842A00033E803 /* Cera Pro Light.otf in Resources */ = {isa = PBXBuildFile; fileRef = 2DD964EF29E842A00033E803 /* Cera Pro Light.otf */; };
		2DD964F629E842A00033E803 /* Cera Pro Regular Italic.otf in Resources */ = {isa = PBXBuildFile; fileRef = 2DD964F029E842A00033E803 /* Cera Pro Regular Italic.otf */; };
		2DD964F729E842A00033E803 /* Cera Pro Black Italic.otf in Resources */ = {isa = PBXBuildFile; fileRef = 2DD964F129E842A00033E803 /* Cera Pro Black Italic.otf */; };
		2DD964F829E842A00033E803 /* Cera Pro Bold.otf in Resources */ = {isa = PBXBuildFile; fileRef = 2DD964F229E842A00033E803 /* Cera Pro Bold.otf */; };
		2DD964F929E842A00033E803 /* Cera Pro Medium.otf in Resources */ = {isa = PBXBuildFile; fileRef = 2DD964F329E842A00033E803 /* Cera Pro Medium.otf */; };
		2DD964FA29E842A00033E803 /* Cera Pro Black.otf in Resources */ = {isa = PBXBuildFile; fileRef = 2DD964F429E842A00033E803 /* Cera Pro Black.otf */; };
		2DD964FC29E846150033E803 /* UIColor+.swift in Sources */ = {isa = PBXBuildFile; fileRef = 2DD964FB29E846150033E803 /* UIColor+.swift */; };
		2DD964FF29E847330033E803 /* PrayerTimesView.swift in Sources */ = {isa = PBXBuildFile; fileRef = 2DD964FE29E847330033E803 /* PrayerTimesView.swift */; };
		2DD9650229E848DD0033E803 /* SnapKit in Frameworks */ = {isa = PBXBuildFile; productRef = 2DD9650129E848DD0033E803 /* SnapKit */; };
		2DD9650429E84B350033E803 /* PrayerItemView.swift in Sources */ = {isa = PBXBuildFile; fileRef = 2DD9650329E84B350033E803 /* PrayerItemView.swift */; };
		2DD9650629E84B620033E803 /* PrayerItemViewModel.swift in Sources */ = {isa = PBXBuildFile; fileRef = 2DD9650529E84B620033E803 /* PrayerItemViewModel.swift */; };
		2DD9650829E865990033E803 /* UIApplication+.swift in Sources */ = {isa = PBXBuildFile; fileRef = 2DD9650729E865990033E803 /* UIApplication+.swift */; };
		2DD9650A29E866610033E803 /* UIView+.swift in Sources */ = {isa = PBXBuildFile; fileRef = 2DD9650929E866610033E803 /* UIView+.swift */; };
		2DD9650C29E867D00033E803 /* UIStackView+.swift in Sources */ = {isa = PBXBuildFile; fileRef = 2DD9650B29E867D00033E803 /* UIStackView+.swift */; };
		2DD9651129E8698E0033E803 /* NetworkManager in Frameworks */ = {isa = PBXBuildFile; productRef = 2DD9651029E8698E0033E803 /* NetworkManager */; };
/* End PBXBuildFile section */

/* Begin PBXFileReference section */
		2DD9649F29E8313D0033E803 /* PrayerTimes.app */ = {isa = PBXFileReference; explicitFileType = wrapper.application; includeInIndex = 0; path = PrayerTimes.app; sourceTree = BUILT_PRODUCTS_DIR; };
		2DD964A229E8313D0033E803 /* AppDelegate.swift */ = {isa = PBXFileReference; lastKnownFileType = sourcecode.swift; path = AppDelegate.swift; sourceTree = "<group>"; };
		2DD964A429E8313D0033E803 /* SceneDelegate.swift */ = {isa = PBXFileReference; lastKnownFileType = sourcecode.swift; path = SceneDelegate.swift; sourceTree = "<group>"; };
		2DD964AB29E8313E0033E803 /* Assets.xcassets */ = {isa = PBXFileReference; lastKnownFileType = folder.assetcatalog; path = Assets.xcassets; sourceTree = "<group>"; };
		2DD964AE29E8313E0033E803 /* Base */ = {isa = PBXFileReference; lastKnownFileType = file.storyboard; name = Base; path = Base.lproj/LaunchScreen.storyboard; sourceTree = "<group>"; };
		2DD964B029E8313E0033E803 /* Info.plist */ = {isa = PBXFileReference; lastKnownFileType = text.plist.xml; path = Info.plist; sourceTree = "<group>"; };
		2DD964BA29E835440033E803 /* TabBarController.swift */ = {isa = PBXFileReference; lastKnownFileType = sourcecode.swift; path = TabBarController.swift; sourceTree = "<group>"; };
		2DD964C129E8380D0033E803 /* PrayerTimesController.swift */ = {isa = PBXFileReference; lastKnownFileType = sourcecode.swift; path = PrayerTimesController.swift; sourceTree = "<group>"; };
		2DD964C329E838180033E803 /* QiblaFinderController.swift */ = {isa = PBXFileReference; lastKnownFileType = sourcecode.swift; path = QiblaFinderController.swift; sourceTree = "<group>"; };
		2DD964C529E838220033E803 /* SurahsDuasController.swift */ = {isa = PBXFileReference; lastKnownFileType = sourcecode.swift; path = SurahsDuasController.swift; sourceTree = "<group>"; };
		2DD964C729E838310033E803 /* HadithsController.swift */ = {isa = PBXFileReference; lastKnownFileType = sourcecode.swift; path = HadithsController.swift; sourceTree = "<group>"; };
		2DD964C929E838400033E803 /* SettingsController.swift */ = {isa = PBXFileReference; lastKnownFileType = sourcecode.swift; path = SettingsController.swift; sourceTree = "<group>"; };
		2DD964D329E83DBA0033E803 /* UIFont+.swift */ = {isa = PBXFileReference; lastKnownFileType = sourcecode.swift; path = "UIFont+.swift"; sourceTree = "<group>"; };
		2DD964EF29E842A00033E803 /* Cera Pro Light.otf */ = {isa = PBXFileReference; lastKnownFileType = file; path = "Cera Pro Light.otf"; sourceTree = "<group>"; };
		2DD964F029E842A00033E803 /* Cera Pro Regular Italic.otf */ = {isa = PBXFileReference; lastKnownFileType = file; path = "Cera Pro Regular Italic.otf"; sourceTree = "<group>"; };
		2DD964F129E842A00033E803 /* Cera Pro Black Italic.otf */ = {isa = PBXFileReference; lastKnownFileType = file; path = "Cera Pro Black Italic.otf"; sourceTree = "<group>"; };
		2DD964F229E842A00033E803 /* Cera Pro Bold.otf */ = {isa = PBXFileReference; lastKnownFileType = file; path = "Cera Pro Bold.otf"; sourceTree = "<group>"; };
		2DD964F329E842A00033E803 /* Cera Pro Medium.otf */ = {isa = PBXFileReference; lastKnownFileType = file; path = "Cera Pro Medium.otf"; sourceTree = "<group>"; };
		2DD964F429E842A00033E803 /* Cera Pro Black.otf */ = {isa = PBXFileReference; lastKnownFileType = file; path = "Cera Pro Black.otf"; sourceTree = "<group>"; };
		2DD964FB29E846150033E803 /* UIColor+.swift */ = {isa = PBXFileReference; lastKnownFileType = sourcecode.swift; path = "UIColor+.swift"; sourceTree = "<group>"; };
		2DD964FE29E847330033E803 /* PrayerTimesView.swift */ = {isa = PBXFileReference; lastKnownFileType = sourcecode.swift; path = PrayerTimesView.swift; sourceTree = "<group>"; };
		2DD9650329E84B350033E803 /* PrayerItemView.swift */ = {isa = PBXFileReference; lastKnownFileType = sourcecode.swift; path = PrayerItemView.swift; sourceTree = "<group>"; };
		2DD9650529E84B620033E803 /* PrayerItemViewModel.swift */ = {isa = PBXFileReference; lastKnownFileType = sourcecode.swift; path = PrayerItemViewModel.swift; sourceTree = "<group>"; };
		2DD9650729E865990033E803 /* UIApplication+.swift */ = {isa = PBXFileReference; lastKnownFileType = sourcecode.swift; path = "UIApplication+.swift"; sourceTree = "<group>"; };
		2DD9650929E866610033E803 /* UIView+.swift */ = {isa = PBXFileReference; lastKnownFileType = sourcecode.swift; path = "UIView+.swift"; sourceTree = "<group>"; };
		2DD9650B29E867D00033E803 /* UIStackView+.swift */ = {isa = PBXFileReference; lastKnownFileType = sourcecode.swift; path = "UIStackView+.swift"; sourceTree = "<group>"; };
		2DD9650E29E868E90033E803 /* NetworkManager */ = {isa = PBXFileReference; lastKnownFileType = wrapper; path = NetworkManager; sourceTree = "<group>"; };
/* End PBXFileReference section */

/* Begin PBXFrameworksBuildPhase section */
		2DD9649C29E8313D0033E803 /* Frameworks */ = {
			isa = PBXFrameworksBuildPhase;
			buildActionMask = 2147483647;
			files = (
				2DD9650229E848DD0033E803 /* SnapKit in Frameworks */,
				2DD9651129E8698E0033E803 /* NetworkManager in Frameworks */,
			);
			runOnlyForDeploymentPostprocessing = 0;
		};
/* End PBXFrameworksBuildPhase section */

/* Begin PBXGroup section */
		2DD9649629E8313D0033E803 = {
			isa = PBXGroup;
			children = (
				2DD9650E29E868E90033E803 /* NetworkManager */,
				2DD964A129E8313D0033E803 /* PrayerTimes */,
				2DD964A029E8313D0033E803 /* Products */,
				2DD9650F29E8698E0033E803 /* Frameworks */,
			);
			sourceTree = "<group>";
		};
		2DD964A029E8313D0033E803 /* Products */ = {
			isa = PBXGroup;
			children = (
				2DD9649F29E8313D0033E803 /* PrayerTimes.app */,
			);
			name = Products;
			sourceTree = "<group>";
		};
		2DD964A129E8313D0033E803 /* PrayerTimes */ = {
			isa = PBXGroup;
			children = (
				2DD964D229E83DB00033E803 /* Extensions */,
				2DD964CB29E83D3F0033E803 /* Fonts */,
				2DD964B629E8349F0033E803 /* App */,
				2DD964B729E834A80033E803 /* Resources */,
				2DD964B829E834CC0033E803 /* Scenes */,
			);
			path = PrayerTimes;
			sourceTree = "<group>";
		};
		2DD964B629E8349F0033E803 /* App */ = {
			isa = PBXGroup;
			children = (
				2DD964A229E8313D0033E803 /* AppDelegate.swift */,
				2DD964A429E8313D0033E803 /* SceneDelegate.swift */,
			);
			path = App;
			sourceTree = "<group>";
		};
		2DD964B729E834A80033E803 /* Resources */ = {
			isa = PBXGroup;
			children = (
				2DD964AB29E8313E0033E803 /* Assets.xcassets */,
				2DD964AD29E8313E0033E803 /* LaunchScreen.storyboard */,
				2DD964B029E8313E0033E803 /* Info.plist */,
			);
			path = Resources;
			sourceTree = "<group>";
		};
		2DD964B829E834CC0033E803 /* Scenes */ = {
			isa = PBXGroup;
			children = (
				2DD964B929E835380033E803 /* TabBar */,
				2DD964BC29E835C70033E803 /* PrayerTimes */,
				2DD964BD29E835D00033E803 /* QiblaFinder */,
				2DD964BE29E835DB0033E803 /* SurahsDuas */,
				2DD964BF29E835E40033E803 /* Hadiths */,
				2DD964C029E835EB0033E803 /* Settings */,
			);
			path = Scenes;
			sourceTree = "<group>";
		};
		2DD964B929E835380033E803 /* TabBar */ = {
			isa = PBXGroup;
			children = (
				2DD964BA29E835440033E803 /* TabBarController.swift */,
			);
			path = TabBar;
			sourceTree = "<group>";
		};
		2DD964BC29E835C70033E803 /* PrayerTimes */ = {
			isa = PBXGroup;
			children = (
				2DD964C129E8380D0033E803 /* PrayerTimesController.swift */,
				2DD964FE29E847330033E803 /* PrayerTimesView.swift */,
				2DD9650329E84B350033E803 /* PrayerItemView.swift */,
				2DD9650529E84B620033E803 /* PrayerItemViewModel.swift */,
			);
			path = PrayerTimes;
			sourceTree = "<group>";
		};
		2DD964BD29E835D00033E803 /* QiblaFinder */ = {
			isa = PBXGroup;
			children = (
				2DD964C329E838180033E803 /* QiblaFinderController.swift */,
			);
			path = QiblaFinder;
			sourceTree = "<group>";
		};
		2DD964BE29E835DB0033E803 /* SurahsDuas */ = {
			isa = PBXGroup;
			children = (
				2DD964C529E838220033E803 /* SurahsDuasController.swift */,
			);
			path = SurahsDuas;
			sourceTree = "<group>";
		};
		2DD964BF29E835E40033E803 /* Hadiths */ = {
			isa = PBXGroup;
			children = (
				2DD964C729E838310033E803 /* HadithsController.swift */,
			);
			path = Hadiths;
			sourceTree = "<group>";
		};
		2DD964C029E835EB0033E803 /* Settings */ = {
			isa = PBXGroup;
			children = (
				2DD964C929E838400033E803 /* SettingsController.swift */,
			);
			path = Settings;
			sourceTree = "<group>";
		};
		2DD964CB29E83D3F0033E803 /* Fonts */ = {
			isa = PBXGroup;
			children = (
				2DD964EE29E842A00033E803 /* cera pro sv */,
			);
			path = Fonts;
			sourceTree = "<group>";
		};
		2DD964D229E83DB00033E803 /* Extensions */ = {
			isa = PBXGroup;
			children = (
				2DD964D329E83DBA0033E803 /* UIFont+.swift */,
				2DD964FB29E846150033E803 /* UIColor+.swift */,
				2DD9650729E865990033E803 /* UIApplication+.swift */,
				2DD9650929E866610033E803 /* UIView+.swift */,
				2DD9650B29E867D00033E803 /* UIStackView+.swift */,
			);
			path = Extensions;
			sourceTree = "<group>";
		};
		2DD964EE29E842A00033E803 /* cera pro sv */ = {
			isa = PBXGroup;
			children = (
				2DD964EF29E842A00033E803 /* Cera Pro Light.otf */,
				2DD964F029E842A00033E803 /* Cera Pro Regular Italic.otf */,
				2DD964F129E842A00033E803 /* Cera Pro Black Italic.otf */,
				2DD964F229E842A00033E803 /* Cera Pro Bold.otf */,
				2DD964F329E842A00033E803 /* Cera Pro Medium.otf */,
				2DD964F429E842A00033E803 /* Cera Pro Black.otf */,
			);
			path = "cera pro sv";
			sourceTree = "<group>";
		};
		2DD9650F29E8698E0033E803 /* Frameworks */ = {
			isa = PBXGroup;
			children = (
			);
			name = Frameworks;
			sourceTree = "<group>";
		};
/* End PBXGroup section */

/* Begin PBXNativeTarget section */
		2DD9649E29E8313D0033E803 /* PrayerTimes */ = {
			isa = PBXNativeTarget;
			buildConfigurationList = 2DD964B329E8313E0033E803 /* Build configuration list for PBXNativeTarget "PrayerTimes" */;
			buildPhases = (
				2DD9649B29E8313D0033E803 /* Sources */,
				2DD9649C29E8313D0033E803 /* Frameworks */,
				2DD9649D29E8313D0033E803 /* Resources */,
			);
			buildRules = (
			);
			dependencies = (
			);
			name = PrayerTimes;
			packageProductDependencies = (
				2DD9650129E848DD0033E803 /* SnapKit */,
				2DD9651029E8698E0033E803 /* NetworkManager */,
			);
			productName = PrayerTimes;
			productReference = 2DD9649F29E8313D0033E803 /* PrayerTimes.app */;
			productType = "com.apple.product-type.application";
		};
/* End PBXNativeTarget section */

/* Begin PBXProject section */
		2DD9649729E8313D0033E803 /* Project object */ = {
			isa = PBXProject;
			attributes = {
				BuildIndependentTargetsInParallel = 1;
				LastSwiftUpdateCheck = 1430;
				LastUpgradeCheck = 1430;
				TargetAttributes = {
					2DD9649E29E8313D0033E803 = {
						CreatedOnToolsVersion = 14.3;
					};
				};
			};
			buildConfigurationList = 2DD9649A29E8313D0033E803 /* Build configuration list for PBXProject "PrayerTimes" */;
			compatibilityVersion = "Xcode 14.0";
			developmentRegion = en;
			hasScannedForEncodings = 0;
			knownRegions = (
				en,
				Base,
			);
			mainGroup = 2DD9649629E8313D0033E803;
			packageReferences = (
				2DD9650029E848DD0033E803 /* XCRemoteSwiftPackageReference "SnapKit" */,
			);
			productRefGroup = 2DD964A029E8313D0033E803 /* Products */;
			projectDirPath = "";
			projectRoot = "";
			targets = (
				2DD9649E29E8313D0033E803 /* PrayerTimes */,
			);
		};
/* End PBXProject section */

/* Begin PBXResourcesBuildPhase section */
		2DD9649D29E8313D0033E803 /* Resources */ = {
			isa = PBXResourcesBuildPhase;
			buildActionMask = 2147483647;
			files = (
				2DD964F929E842A00033E803 /* Cera Pro Medium.otf in Resources */,
				2DD964AF29E8313E0033E803 /* LaunchScreen.storyboard in Resources */,
				2DD964FA29E842A00033E803 /* Cera Pro Black.otf in Resources */,
				2DD964F829E842A00033E803 /* Cera Pro Bold.otf in Resources */,
				2DD964F729E842A00033E803 /* Cera Pro Black Italic.otf in Resources */,
				2DD964F529E842A00033E803 /* Cera Pro Light.otf in Resources */,
				2DD964F629E842A00033E803 /* Cera Pro Regular Italic.otf in Resources */,
				2DD964AC29E8313E0033E803 /* Assets.xcassets in Resources */,
			);
			runOnlyForDeploymentPostprocessing = 0;
		};
/* End PBXResourcesBuildPhase section */

/* Begin PBXSourcesBuildPhase section */
		2DD9649B29E8313D0033E803 /* Sources */ = {
			isa = PBXSourcesBuildPhase;
			buildActionMask = 2147483647;
			files = (
				2DD964CA29E838400033E803 /* SettingsController.swift in Sources */,
				2DD9650629E84B620033E803 /* PrayerItemViewModel.swift in Sources */,
				2DD9650829E865990033E803 /* UIApplication+.swift in Sources */,
				2DD964D429E83DBA0033E803 /* UIFont+.swift in Sources */,
				2DD964C629E838220033E803 /* SurahsDuasController.swift in Sources */,
				2DD964BB29E835440033E803 /* TabBarController.swift in Sources */,
				2DD964A329E8313D0033E803 /* AppDelegate.swift in Sources */,
				2DD9650C29E867D00033E803 /* UIStackView+.swift in Sources */,
				2DD964FF29E847330033E803 /* PrayerTimesView.swift in Sources */,
				2DD964A529E8313D0033E803 /* SceneDelegate.swift in Sources */,
				2DD9650A29E866610033E803 /* UIView+.swift in Sources */,
				2DD964C429E838180033E803 /* QiblaFinderController.swift in Sources */,
				2DD9650429E84B350033E803 /* PrayerItemView.swift in Sources */,
				2DD964C829E838310033E803 /* HadithsController.swift in Sources */,
				2DD964C229E8380D0033E803 /* PrayerTimesController.swift in Sources */,
				2DD964FC29E846150033E803 /* UIColor+.swift in Sources */,
			);
			runOnlyForDeploymentPostprocessing = 0;
		};
/* End PBXSourcesBuildPhase section */

/* Begin PBXVariantGroup section */
		2DD964AD29E8313E0033E803 /* LaunchScreen.storyboard */ = {
			isa = PBXVariantGroup;
			children = (
				2DD964AE29E8313E0033E803 /* Base */,
			);
			name = LaunchScreen.storyboard;
			sourceTree = "<group>";
		};
/* End PBXVariantGroup section */

/* Begin XCBuildConfiguration section */
		2DD964B129E8313E0033E803 /* Debug */ = {
			isa = XCBuildConfiguration;
			buildSettings = {
				ALWAYS_SEARCH_USER_PATHS = NO;
				CLANG_ANALYZER_NONNULL = YES;
				CLANG_ANALYZER_NUMBER_OBJECT_CONVERSION = YES_AGGRESSIVE;
				CLANG_CXX_LANGUAGE_STANDARD = "gnu++20";
				CLANG_ENABLE_MODULES = YES;
				CLANG_ENABLE_OBJC_ARC = YES;
				CLANG_ENABLE_OBJC_WEAK = YES;
				CLANG_WARN_BLOCK_CAPTURE_AUTORELEASING = YES;
				CLANG_WARN_BOOL_CONVERSION = YES;
				CLANG_WARN_COMMA = YES;
				CLANG_WARN_CONSTANT_CONVERSION = YES;
				CLANG_WARN_DEPRECATED_OBJC_IMPLEMENTATIONS = YES;
				CLANG_WARN_DIRECT_OBJC_ISA_USAGE = YES_ERROR;
				CLANG_WARN_DOCUMENTATION_COMMENTS = YES;
				CLANG_WARN_EMPTY_BODY = YES;
				CLANG_WARN_ENUM_CONVERSION = YES;
				CLANG_WARN_INFINITE_RECURSION = YES;
				CLANG_WARN_INT_CONVERSION = YES;
				CLANG_WARN_NON_LITERAL_NULL_CONVERSION = YES;
				CLANG_WARN_OBJC_IMPLICIT_RETAIN_SELF = YES;
				CLANG_WARN_OBJC_LITERAL_CONVERSION = YES;
				CLANG_WARN_OBJC_ROOT_CLASS = YES_ERROR;
				CLANG_WARN_QUOTED_INCLUDE_IN_FRAMEWORK_HEADER = YES;
				CLANG_WARN_RANGE_LOOP_ANALYSIS = YES;
				CLANG_WARN_STRICT_PROTOTYPES = YES;
				CLANG_WARN_SUSPICIOUS_MOVE = YES;
				CLANG_WARN_UNGUARDED_AVAILABILITY = YES_AGGRESSIVE;
				CLANG_WARN_UNREACHABLE_CODE = YES;
				CLANG_WARN__DUPLICATE_METHOD_MATCH = YES;
				COPY_PHASE_STRIP = NO;
				DEBUG_INFORMATION_FORMAT = dwarf;
				ENABLE_STRICT_OBJC_MSGSEND = YES;
				ENABLE_TESTABILITY = YES;
				GCC_C_LANGUAGE_STANDARD = gnu11;
				GCC_DYNAMIC_NO_PIC = NO;
				GCC_NO_COMMON_BLOCKS = YES;
				GCC_OPTIMIZATION_LEVEL = 0;
				GCC_PREPROCESSOR_DEFINITIONS = (
					"DEBUG=1",
					"$(inherited)",
				);
				GCC_WARN_64_TO_32_BIT_CONVERSION = YES;
				GCC_WARN_ABOUT_RETURN_TYPE = YES_ERROR;
				GCC_WARN_UNDECLARED_SELECTOR = YES;
				GCC_WARN_UNINITIALIZED_AUTOS = YES_AGGRESSIVE;
				GCC_WARN_UNUSED_FUNCTION = YES;
				GCC_WARN_UNUSED_VARIABLE = YES;
				IPHONEOS_DEPLOYMENT_TARGET = 16.4;
				MTL_ENABLE_DEBUG_INFO = INCLUDE_SOURCE;
				MTL_FAST_MATH = YES;
				ONLY_ACTIVE_ARCH = YES;
				SDKROOT = iphoneos;
				SWIFT_ACTIVE_COMPILATION_CONDITIONS = DEBUG;
				SWIFT_OPTIMIZATION_LEVEL = "-Onone";
			};
			name = Debug;
		};
		2DD964B229E8313E0033E803 /* Release */ = {
			isa = XCBuildConfiguration;
			buildSettings = {
				ALWAYS_SEARCH_USER_PATHS = NO;
				CLANG_ANALYZER_NONNULL = YES;
				CLANG_ANALYZER_NUMBER_OBJECT_CONVERSION = YES_AGGRESSIVE;
				CLANG_CXX_LANGUAGE_STANDARD = "gnu++20";
				CLANG_ENABLE_MODULES = YES;
				CLANG_ENABLE_OBJC_ARC = YES;
				CLANG_ENABLE_OBJC_WEAK = YES;
				CLANG_WARN_BLOCK_CAPTURE_AUTORELEASING = YES;
				CLANG_WARN_BOOL_CONVERSION = YES;
				CLANG_WARN_COMMA = YES;
				CLANG_WARN_CONSTANT_CONVERSION = YES;
				CLANG_WARN_DEPRECATED_OBJC_IMPLEMENTATIONS = YES;
				CLANG_WARN_DIRECT_OBJC_ISA_USAGE = YES_ERROR;
				CLANG_WARN_DOCUMENTATION_COMMENTS = YES;
				CLANG_WARN_EMPTY_BODY = YES;
				CLANG_WARN_ENUM_CONVERSION = YES;
				CLANG_WARN_INFINITE_RECURSION = YES;
				CLANG_WARN_INT_CONVERSION = YES;
				CLANG_WARN_NON_LITERAL_NULL_CONVERSION = YES;
				CLANG_WARN_OBJC_IMPLICIT_RETAIN_SELF = YES;
				CLANG_WARN_OBJC_LITERAL_CONVERSION = YES;
				CLANG_WARN_OBJC_ROOT_CLASS = YES_ERROR;
				CLANG_WARN_QUOTED_INCLUDE_IN_FRAMEWORK_HEADER = YES;
				CLANG_WARN_RANGE_LOOP_ANALYSIS = YES;
				CLANG_WARN_STRICT_PROTOTYPES = YES;
				CLANG_WARN_SUSPICIOUS_MOVE = YES;
				CLANG_WARN_UNGUARDED_AVAILABILITY = YES_AGGRESSIVE;
				CLANG_WARN_UNREACHABLE_CODE = YES;
				CLANG_WARN__DUPLICATE_METHOD_MATCH = YES;
				COPY_PHASE_STRIP = NO;
				DEBUG_INFORMATION_FORMAT = "dwarf-with-dsym";
				ENABLE_NS_ASSERTIONS = NO;
				ENABLE_STRICT_OBJC_MSGSEND = YES;
				GCC_C_LANGUAGE_STANDARD = gnu11;
				GCC_NO_COMMON_BLOCKS = YES;
				GCC_WARN_64_TO_32_BIT_CONVERSION = YES;
				GCC_WARN_ABOUT_RETURN_TYPE = YES_ERROR;
				GCC_WARN_UNDECLARED_SELECTOR = YES;
				GCC_WARN_UNINITIALIZED_AUTOS = YES_AGGRESSIVE;
				GCC_WARN_UNUSED_FUNCTION = YES;
				GCC_WARN_UNUSED_VARIABLE = YES;
				IPHONEOS_DEPLOYMENT_TARGET = 16.4;
				MTL_ENABLE_DEBUG_INFO = NO;
				MTL_FAST_MATH = YES;
				SDKROOT = iphoneos;
				SWIFT_COMPILATION_MODE = wholemodule;
				SWIFT_OPTIMIZATION_LEVEL = "-O";
				VALIDATE_PRODUCT = YES;
			};
			name = Release;
		};
		2DD964B429E8313E0033E803 /* Debug */ = {
			isa = XCBuildConfiguration;
			buildSettings = {
				ASSETCATALOG_COMPILER_APPICON_NAME = AppIcon;
				ASSETCATALOG_COMPILER_GLOBAL_ACCENT_COLOR_NAME = AccentColor;
				CODE_SIGN_STYLE = Automatic;
				CURRENT_PROJECT_VERSION = 1;
				DEVELOPMENT_TEAM = HG8VJQPKXZ;
				GENERATE_INFOPLIST_FILE = YES;
				INFOPLIST_FILE = PrayerTimes/Resources/Info.plist;
				INFOPLIST_KEY_UIApplicationSupportsIndirectInputEvents = YES;
				INFOPLIST_KEY_UILaunchStoryboardName = LaunchScreen;
				INFOPLIST_KEY_UISupportedInterfaceOrientations = UIInterfaceOrientationPortrait;
				INFOPLIST_KEY_UISupportedInterfaceOrientations_iPad = "UIInterfaceOrientationLandscapeLeft UIInterfaceOrientationLandscapeRight UIInterfaceOrientationPortrait UIInterfaceOrientationPortraitUpsideDown";
				IPHONEOS_DEPLOYMENT_TARGET = 15.6;
				LD_RUNPATH_SEARCH_PATHS = (
					"$(inherited)",
					"@executable_path/Frameworks",
				);
				MARKETING_VERSION = 1.0;
				PRODUCT_BUNDLE_IDENTIFIER = dev.nsemir.PrayerTimes;
				PRODUCT_NAME = "$(TARGET_NAME)";
				SUPPORTED_PLATFORMS = "iphoneos iphonesimulator";
				SUPPORTS_MACCATALYST = NO;
				SUPPORTS_MAC_DESIGNED_FOR_IPHONE_IPAD = NO;
				SWIFT_EMIT_LOC_STRINGS = YES;
				SWIFT_VERSION = 5.0;
				TARGETED_DEVICE_FAMILY = 1;
			};
			name = Debug;
		};
		2DD964B529E8313E0033E803 /* Release */ = {
			isa = XCBuildConfiguration;
			buildSettings = {
				ASSETCATALOG_COMPILER_APPICON_NAME = AppIcon;
				ASSETCATALOG_COMPILER_GLOBAL_ACCENT_COLOR_NAME = AccentColor;
				CODE_SIGN_STYLE = Automatic;
				CURRENT_PROJECT_VERSION = 1;
				DEVELOPMENT_TEAM = HG8VJQPKXZ;
				GENERATE_INFOPLIST_FILE = YES;
				INFOPLIST_FILE = PrayerTimes/Resources/Info.plist;
				INFOPLIST_KEY_UIApplicationSupportsIndirectInputEvents = YES;
				INFOPLIST_KEY_UILaunchStoryboardName = LaunchScreen;
				INFOPLIST_KEY_UISupportedInterfaceOrientations = UIInterfaceOrientationPortrait;
				INFOPLIST_KEY_UISupportedInterfaceOrientations_iPad = "UIInterfaceOrientationLandscapeLeft UIInterfaceOrientationLandscapeRight UIInterfaceOrientationPortrait UIInterfaceOrientationPortraitUpsideDown";
				IPHONEOS_DEPLOYMENT_TARGET = 15.6;
				LD_RUNPATH_SEARCH_PATHS = (
					"$(inherited)",
					"@executable_path/Frameworks",
				);
				MARKETING_VERSION = 1.0;
				PRODUCT_BUNDLE_IDENTIFIER = dev.nsemir.PrayerTimes;
				PRODUCT_NAME = "$(TARGET_NAME)";
				SUPPORTED_PLATFORMS = "iphoneos iphonesimulator";
				SUPPORTS_MACCATALYST = NO;
				SUPPORTS_MAC_DESIGNED_FOR_IPHONE_IPAD = NO;
				SWIFT_EMIT_LOC_STRINGS = YES;
				SWIFT_VERSION = 5.0;
				TARGETED_DEVICE_FAMILY = 1;
			};
			name = Release;
		};
/* End XCBuildConfiguration section */

/* Begin XCConfigurationList section */
		2DD9649A29E8313D0033E803 /* Build configuration list for PBXProject "PrayerTimes" */ = {
			isa = XCConfigurationList;
			buildConfigurations = (
				2DD964B129E8313E0033E803 /* Debug */,
				2DD964B229E8313E0033E803 /* Release */,
			);
			defaultConfigurationIsVisible = 0;
			defaultConfigurationName = Release;
		};
		2DD964B329E8313E0033E803 /* Build configuration list for PBXNativeTarget "PrayerTimes" */ = {
			isa = XCConfigurationList;
			buildConfigurations = (
				2DD964B429E8313E0033E803 /* Debug */,
				2DD964B529E8313E0033E803 /* Release */,
			);
			defaultConfigurationIsVisible = 0;
			defaultConfigurationName = Release;
		};
/* End XCConfigurationList section */

/* Begin XCRemoteSwiftPackageReference section */
		2DD9650029E848DD0033E803 /* XCRemoteSwiftPackageReference "SnapKit" */ = {
			isa = XCRemoteSwiftPackageReference;
			repositoryURL = "https://github.com/SnapKit/SnapKit.git";
			requirement = {
				kind = upToNextMajorVersion;
				minimumVersion = 5.0.0;
			};
		};
/* End XCRemoteSwiftPackageReference section */

/* Begin XCSwiftPackageProductDependency section */
		2DD9650129E848DD0033E803 /* SnapKit */ = {
			isa = XCSwiftPackageProductDependency;
			package = 2DD9650029E848DD0033E803 /* XCRemoteSwiftPackageReference "SnapKit" */;
			productName = SnapKit;
		};
		2DD9651029E8698E0033E803 /* NetworkManager */ = {
			isa = XCSwiftPackageProductDependency;
			productName = NetworkManager;
		};
/* End XCSwiftPackageProductDependency section */
	};
	rootObject = 2DD9649729E8313D0033E803 /* Project object */;
}
